
Microsoft Visual Studio Solution File, Format Version 12.00
# Visual Studio Version 17
VisualStudioVersion = 17.1.32210.238
MinimumVisualStudioVersion = 10.0.40219.1
Project("{9A19103F-16F7-4668-BE54-9A1E7A4F7556}") = "Umbraco.Community.Polyfill", "Umbraco.Community.Polyfill.csproj", "{A6B5D511-34CC-4BA1-9383-92A0C3AAD5E5}"
EndProject
Project("{2150E333-8FDC-42A3-9474-1A3956D46DE8}") = "Solution Items", "Solution Items", "{2E22C3BA-DCF9-4545-AC5F-6FA46E3DAADE}"
	ProjectSection(SolutionItems) = preProject
		..\LICENSE = ..\LICENSE
		..\.github\README.md = ..\.github\README.md
	EndProjectSection
EndProject
Project("{2150E333-8FDC-42A3-9474-1A3956D46DE8}") = "GitHub", "GitHub", "{FCBA81B6-7320-4CAF-967F-46A9E1A7D000}"
	ProjectSection(SolutionItems) = preProject
		..\.github\NUGET_README.md = ..\.github\NUGET_README.md
		..\.github\README.md = ..\.github\README.md
		..\.github\workflows\release.yml = ..\.github\workflows\release.yml
	EndProjectSection
EndProject
Global
	GlobalSection(SolutionConfigurationPlatforms) = preSolution
		Debug|Any CPU = Debug|Any CPU
		Release|Any CPU = Release|Any CPU
	EndGlobalSection
	GlobalSection(ProjectConfigurationPlatforms) = postSolution
		{A6B5D511-34CC-4BA1-9383-92A0C3AAD5E5}.Debug|Any CPU.ActiveCfg = Debug|Any CPU
		{A6B5D511-34CC-4BA1-9383-92A0C3AAD5E5}.Debug|Any CPU.Build.0 = Debug|Any CPU
		{A6B5D511-34CC-4BA1-9383-92A0C3AAD5E5}.Release|Any CPU.ActiveCfg = Release|Any CPU
		{A6B5D511-34CC-4BA1-9383-92A0C3AAD5E5}.Release|Any CPU.Build.0 = Release|Any CPU
	EndGlobalSection
	GlobalSection(SolutionProperties) = preSolution
		HideSolutionNode = FALSE
	EndGlobalSection
	GlobalSection(NestedProjects) = preSolution
		{FCBA81B6-7320-4CAF-967F-46A9E1A7D000} = {2E22C3BA-DCF9-4545-AC5F-6FA46E3DAADE}
	EndGlobalSection
	GlobalSection(ExtensibilityGlobals) = postSolution
		SolutionGuid = {B4614BC6-4D23-47C9-AFB5-5D984660B901}
	EndGlobalSection
EndGlobal
